// !$*UTF8*$!
{
	archiveVersion = 1;
	classes = {
	};
	objectVersion = 46;
	objects = {

/* Begin PBXBuildFile section */
		10FCB9D21B217D240030CDF6 /* RNKeyboardEvents.h in CopyFiles */ = {isa = PBXBuildFile; fileRef = 10FCB9D11B217D240030CDF6 /* RNKeyboardEvents.h */; };
		10FCB9D41B217D240030CDF6 /* RNKeyboardEvents.m in Sources */ = {isa = PBXBuildFile; fileRef = 10FCB9D31B217D240030CDF6 /* RNKeyboardEvents.m */; };
		10FCB9DA1B217D240030CDF6 /* libRNKeyboardEvents.a in Frameworks */ = {isa = PBXBuildFile; fileRef = 10FCB9CE1B217D240030CDF6 /* libRNKeyboardEvents.a */; };
/* End PBXBuildFile section */

/* Begin PBXContainerItemProxy section */
		10FCB9DB1B217D240030CDF6 /* PBXContainerItemProxy */ = {
			isa = PBXContainerItemProxy;
			containerPortal = 10FCB9C61B217D240030CDF6 /* Project object */;
			proxyType = 1;
			remoteGlobalIDString = 10FCB9CD1B217D240030CDF6;
			remoteInfo = RNKeyboardEvents;
		};
/* End PBXContainerItemProxy section */

/* Begin PBXCopyFilesBuildPhase section */
		10FCB9CC1B217D240030CDF6 /* CopyFiles */ = {
			isa = PBXCopyFilesBuildPhase;
			buildActionMask = 2147483647;
			dstPath = "include/$(PRODUCT_NAME)";
			dstSubfolderSpec = 16;
			files = (
				10FCB9D21B217D240030CDF6 /* RNKeyboardEvents.h in CopyFiles */,
			);
			runOnlyForDeploymentPostprocessing = 0;
		};
/* End PBXCopyFilesBuildPhase section */

/* Begin PBXFileReference section */
		10FCB9CE1B217D240030CDF6 /* libRNKeyboardEvents.a */ = {isa = PBXFileReference; explicitFileType = archive.ar; includeInIndex = 0; path = libRNKeyboardEvents.a; sourceTree = BUILT_PRODUCTS_DIR; };
		10FCB9D11B217D240030CDF6 /* RNKeyboardEvents.h */ = {isa = PBXFileReference; lastKnownFileType = sourcecode.c.h; path = RNKeyboardEvents.h; sourceTree = "<group>"; };
		10FCB9D31B217D240030CDF6 /* RNKeyboardEvents.m */ = {isa = PBXFileReference; lastKnownFileType = sourcecode.c.objc; path = RNKeyboardEvents.m; sourceTree = "<group>"; };
		10FCB9D91B217D240030CDF6 /* RNKeyboardEventsTests.xctest */ = {isa = PBXFileReference; explicitFileType = wrapper.cfbundle; includeInIndex = 0; path = RNKeyboardEventsTests.xctest; sourceTree = BUILT_PRODUCTS_DIR; };
		10FCB9DF1B217D240030CDF6 /* Info.plist */ = {isa = PBXFileReference; lastKnownFileType = text.plist.xml; path = Info.plist; sourceTree = "<group>"; };
/* End PBXFileReference section */

/* Begin PBXFrameworksBuildPhase section */
		10FCB9CB1B217D240030CDF6 /* Frameworks */ = {
			isa = PBXFrameworksBuildPhase;
			buildActionMask = 2147483647;
			files = (
			);
			runOnlyForDeploymentPostprocessing = 0;
		};
		10FCB9D61B217D240030CDF6 /* Frameworks */ = {
			isa = PBXFrameworksBuildPhase;
			buildActionMask = 2147483647;
			files = (
				10FCB9DA1B217D240030CDF6 /* libRNKeyboardEvents.a in Frameworks */,
			);
			runOnlyForDeploymentPostprocessing = 0;
		};
/* End PBXFrameworksBuildPhase section */

/* Begin PBXGroup section */
		10FCB9C51B217D240030CDF6 = {
			isa = PBXGroup;
			children = (
				10FCB9D01B217D240030CDF6 /* RNKeyboardEvents */,
				10FCB9DD1B217D240030CDF6 /* RNKeyboardEventsTests */,
				10FCB9CF1B217D240030CDF6 /* Products */,
			);
			sourceTree = "<group>";
		};
		10FCB9CF1B217D240030CDF6 /* Products */ = {
			isa = PBXGroup;
			children = (
				10FCB9CE1B217D240030CDF6 /* libRNKeyboardEvents.a */,
				10FCB9D91B217D240030CDF6 /* RNKeyboardEventsTests.xctest */,
			);
			name = Products;
			sourceTree = "<group>";
		};
		10FCB9D01B217D240030CDF6 /* RNKeyboardEvents */ = {
			isa = PBXGroup;
			children = (
				10FCB9D11B217D240030CDF6 /* RNKeyboardEvents.h */,
				10FCB9D31B217D240030CDF6 /* RNKeyboardEvents.m */,
			);
			path = RNKeyboardEvents;
			sourceTree = "<group>";
		};
		10FCB9DD1B217D240030CDF6 /* RNKeyboardEventsTests */ = {
			isa = PBXGroup;
			children = (
				10FCB9DE1B217D240030CDF6 /* Supporting Files */,
			);
			path = RNKeyboardEventsTests;
			sourceTree = "<group>";
		};
		10FCB9DE1B217D240030CDF6 /* Supporting Files */ = {
			isa = PBXGroup;
			children = (
				10FCB9DF1B217D240030CDF6 /* Info.plist */,
			);
			name = "Supporting Files";
			sourceTree = "<group>";
		};
/* End PBXGroup section */

/* Begin PBXNativeTarget section */
		10FCB9CD1B217D240030CDF6 /* RNKeyboardEvents */ = {
			isa = PBXNativeTarget;
			buildConfigurationList = 10FCB9E21B217D240030CDF6 /* Build configuration list for PBXNativeTarget "RNKeyboardEvents" */;
			buildPhases = (
				10FCB9CA1B217D240030CDF6 /* Sources */,
				10FCB9CB1B217D240030CDF6 /* Frameworks */,
				10FCB9CC1B217D240030CDF6 /* CopyFiles */,
			);
			buildRules = (
			);
			dependencies = (
			);
			name = RNKeyboardEvents;
			productName = RNKeyboardEvents;
			productReference = 10FCB9CE1B217D240030CDF6 /* libRNKeyboardEvents.a */;
			productType = "com.apple.product-type.library.static";
		};
		10FCB9D81B217D240030CDF6 /* RNKeyboardEventsTests */ = {
			isa = PBXNativeTarget;
			buildConfigurationList = 10FCB9E51B217D240030CDF6 /* Build configuration list for PBXNativeTarget "RNKeyboardEventsTests" */;
			buildPhases = (
				10FCB9D51B217D240030CDF6 /* Sources */,
				10FCB9D61B217D240030CDF6 /* Frameworks */,
				10FCB9D71B217D240030CDF6 /* Resources */,
			);
			buildRules = (
			);
			dependencies = (
				10FCB9DC1B217D240030CDF6 /* PBXTargetDependency */,
			);
			name = RNKeyboardEventsTests;
			productName = RNKeyboardEventsTests;
			productReference = 10FCB9D91B217D240030CDF6 /* RNKeyboardEventsTests.xctest */;
			productType = "com.apple.product-type.bundle.unit-test";
		};
/* End PBXNativeTarget section */

/* Begin PBXProject section */
		10FCB9C61B217D240030CDF6 /* Project object */ = {
			isa = PBXProject;
			attributes = {
				LastUpgradeCheck = 0620;
				ORGANIZATIONNAME = zhuanla;
				TargetAttributes = {
					10FCB9CD1B217D240030CDF6 = {
						CreatedOnToolsVersion = 6.2;
					};
					10FCB9D81B217D240030CDF6 = {
						CreatedOnToolsVersion = 6.2;
					};
				};
			};
			buildConfigurationList = 10FCB9C91B217D240030CDF6 /* Build configuration list for PBXProject "RNKeyboardEvents" */;
			compatibilityVersion = "Xcode 3.2";
			developmentRegion = English;
			hasScannedForEncodings = 0;
			knownRegions = (
				en,
			);
			mainGroup = 10FCB9C51B217D240030CDF6;
			productRefGroup = 10FCB9CF1B217D240030CDF6 /* Products */;
			projectDirPath = "";
			projectRoot = "";
			targets = (
				10FCB9CD1B217D240030CDF6 /* RNKeyboardEvents */,
				10FCB9D81B217D240030CDF6 /* RNKeyboardEventsTests */,
			);
		};
/* End PBXProject section */

/* Begin PBXResourcesBuildPhase section */
		10FCB9D71B217D240030CDF6 /* Resources */ = {
			isa = PBXResourcesBuildPhase;
			buildActionMask = 2147483647;
			files = (
			);
			runOnlyForDeploymentPostprocessing = 0;
		};
/* End PBXResourcesBuildPhase section */

/* Begin PBXSourcesBuildPhase section */
		10FCB9CA1B217D240030CDF6 /* Sources */ = {
			isa = PBXSourcesBuildPhase;
			buildActionMask = 2147483647;
			files = (
				10FCB9D41B217D240030CDF6 /* RNKeyboardEvents.m in Sources */,
			);
			runOnlyForDeploymentPostprocessing = 0;
		};
		10FCB9D51B217D240030CDF6 /* Sources */ = {
			isa = PBXSourcesBuildPhase;
			buildActionMask = 2147483647;
			files = (
			);
			runOnlyForDeploymentPostprocessing = 0;
		};
/* End PBXSourcesBuildPhase section */

/* Begin PBXTargetDependency section */
		10FCB9DC1B217D240030CDF6 /* PBXTargetDependency */ = {
			isa = PBXTargetDependency;
			target = 10FCB9CD1B217D240030CDF6 /* RNKeyboardEvents */;
			targetProxy = 10FCB9DB1B217D240030CDF6 /* PBXContainerItemProxy */;
		};
/* End PBXTargetDependency section */

/* Begin XCBuildConfiguration section */
		10FCB9E01B217D240030CDF6 /* Debug */ = {
			isa = XCBuildConfiguration;
			buildSettings = {
				ALWAYS_SEARCH_USER_PATHS = NO;
				CLANG_CXX_LANGUAGE_STANDARD = "gnu++0x";
				CLANG_CXX_LIBRARY = "libc++";
				CLANG_ENABLE_MODULES = YES;
				CLANG_ENABLE_OBJC_ARC = YES;
				CLANG_WARN_BOOL_CONVERSION = YES;
				CLANG_WARN_CONSTANT_CONVERSION = YES;
				CLANG_WARN_DIRECT_OBJC_ISA_USAGE = YES_ERROR;
				CLANG_WARN_EMPTY_BODY = YES;
				CLANG_WARN_ENUM_CONVERSION = YES;
				CLANG_WARN_INT_CONVERSION = YES;
				CLANG_WARN_OBJC_ROOT_CLASS = YES_ERROR;
				CLANG_WARN_UNREACHABLE_CODE = YES;
				CLANG_WARN__DUPLICATE_METHOD_MATCH = YES;
				COPY_PHASE_STRIP = NO;
				ENABLE_STRICT_OBJC_MSGSEND = YES;
				GCC_C_LANGUAGE_STANDARD = gnu99;
				GCC_DYNAMIC_NO_PIC = NO;
				GCC_OPTIMIZATION_LEVEL = 0;
				GCC_PREPROCESSOR_DEFINITIONS = (
					"DEBUG=1",
					"$(inherited)",
				);
				GCC_SYMBOLS_PRIVATE_EXTERN = NO;
				GCC_WARN_64_TO_32_BIT_CONVERSION = YES;
				GCC_WARN_ABOUT_RETURN_TYPE = YES_ERROR;
				GCC_WARN_UNDECLARED_SELECTOR = YES;
				GCC_WARN_UNINITIALIZED_AUTOS = YES_AGGRESSIVE;
				GCC_WARN_UNUSED_FUNCTION = YES;
				GCC_WARN_UNUSED_VARIABLE = YES;
				IPHONEOS_DEPLOYMENT_TARGET = 8.2;
				MTL_ENABLE_DEBUG_INFO = YES;
				ONLY_ACTIVE_ARCH = YES;
				SDKROOT = iphoneos;
			};
			name = Debug;
		};
		10FCB9E11B217D240030CDF6 /* Release */ = {
			isa = XCBuildConfiguration;
			buildSettings = {
				ALWAYS_SEARCH_USER_PATHS = NO;
				CLANG_CXX_LANGUAGE_STANDARD = "gnu++0x";
				CLANG_CXX_LIBRARY = "libc++";
				CLANG_ENABLE_MODULES = YES;
				CLANG_ENABLE_OBJC_ARC = YES;
				CLANG_WARN_BOOL_CONVERSION = YES;
				CLANG_WARN_CONSTANT_CONVERSION = YES;
				CLANG_WARN_DIRECT_OBJC_ISA_USAGE = YES_ERROR;
				CLANG_WARN_EMPTY_BODY = YES;
				CLANG_WARN_ENUM_CONVERSION = YES;
				CLANG_WARN_INT_CONVERSION = YES;
				CLANG_WARN_OBJC_ROOT_CLASS = YES_ERROR;
				CLANG_WARN_UNREACHABLE_CODE = YES;
				CLANG_WARN__DUPLICATE_METHOD_MATCH = YES;
				COPY_PHASE_STRIP = NO;
				ENABLE_NS_ASSERTIONS = NO;
				ENABLE_STRICT_OBJC_MSGSEND = YES;
				GCC_C_LANGUAGE_STANDARD = gnu99;
				GCC_WARN_64_TO_32_BIT_CONVERSION = YES;
				GCC_WARN_ABOUT_RETURN_TYPE = YES_ERROR;
				GCC_WARN_UNDECLARED_SELECTOR = YES;
				GCC_WARN_UNINITIALIZED_AUTOS = YES_AGGRESSIVE;
				GCC_WARN_UNUSED_FUNCTION = YES;
				GCC_WARN_UNUSED_VARIABLE = YES;
				IPHONEOS_DEPLOYMENT_TARGET = 8.2;
				MTL_ENABLE_DEBUG_INFO = NO;
				SDKROOT = iphoneos;
				VALIDATE_PRODUCT = YES;
			};
			name = Release;
		};
		10FCB9E31B217D240030CDF6 /* Debug */ = {
			isa = XCBuildConfiguration;
			buildSettings = {
				OTHER_LDFLAGS = "-ObjC";
				PRODUCT_NAME = "$(TARGET_NAME)";
				SKIP_INSTALL = YES;
			};
			name = Debug;
		};
		10FCB9E41B217D240030CDF6 /* Release */ = {
			isa = XCBuildConfiguration;
			buildSettings = {
				OTHER_LDFLAGS = "-ObjC";
				PRODUCT_NAME = "$(TARGET_NAME)";
				SKIP_INSTALL = YES;
			};
			name = Release;
		};
		10FCB9E61B217D240030CDF6 /* Debug */ = {
			isa = XCBuildConfiguration;
			buildSettings = {
				FRAMEWORK_SEARCH_PATHS = (
					"$(SDKROOT)/Developer/Library/Frameworks",
					"$(inherited)",
				);
				GCC_PREPROCESSOR_DEFINITIONS = (
					"DEBUG=1",
					"$(inherited)",
				);
				INFOPLIST_FILE = RNKeyboardEventsTests/Info.plist;
				LD_RUNPATH_SEARCH_PATHS = "$(inherited) @executable_path/Frameworks @loader_path/Frameworks";
				PRODUCT_NAME = "$(TARGET_NAME)";
			};
			name = Debug;
		};
		10FCB9E71B217D240030CDF6 /* Release */ = {
			isa = XCBuildConfiguration;
			buildSettings = {
				FRAMEWORK_SEARCH_PATHS = (
					"$(SDKROOT)/Developer/Library/Frameworks",
					"$(inherited)",
				);
				INFOPLIST_FILE = RNKeyboardEventsTests/Info.plist;
				LD_RUNPATH_SEARCH_PATHS = "$(inherited) @executable_path/Frameworks @loader_path/Frameworks";
				PRODUCT_NAME = "$(TARGET_NAME)";
			};
			name = Release;
		};
/* End XCBuildConfiguration section */

/* Begin XCConfigurationList section */
		10FCB9C91B217D240030CDF6 /* Build configuration list for PBXProject "RNKeyboardEvents" */ = {
			isa = XCConfigurationList;
			buildConfigurations = (
				10FCB9E01B217D240030CDF6 /* Debug */,
				10FCB9E11B217D240030CDF6 /* Release */,
			);
			defaultConfigurationIsVisible = 0;
			defaultConfigurationName = Release;
		};
		10FCB9E21B217D240030CDF6 /* Build configuration list for PBXNativeTarget "RNKeyboardEvents" */ = {
			isa = XCConfigurationList;
			buildConfigurations = (
				10FCB9E31B217D240030CDF6 /* Debug */,
				10FCB9E41B217D240030CDF6 /* Release */,
			);
			defaultConfigurationIsVisible = 0;
		};
		10FCB9E51B217D240030CDF6 /* Build configuration list for PBXNativeTarget "RNKeyboardEventsTests" */ = {
			isa = XCConfigurationList;
			buildConfigurations = (
				10FCB9E61B217D240030CDF6 /* Debug */,
				10FCB9E71B217D240030CDF6 /* Release */,
			);
			defaultConfigurationIsVisible = 0;
		};
/* End XCConfigurationList section */
	};
	rootObject = 10FCB9C61B217D240030CDF6 /* Project object */;
}
